
Microsoft Visual Studio Solution File, Format Version 12.00
# Visual Studio Version 17
VisualStudioVersion = 17.3.32825.248
MinimumVisualStudioVersion = 10.0.40219.1
Project("{FAE04EC0-301F-11D3-BF4B-00C04F79EFBC}") = "PublisherConsole", "PublisherConsole\PublisherConsole.csproj", "{7A6FD171-0FA2-44F0-870D-5D41F55D1A01}"
EndProject
Project("{FAE04EC0-301F-11D3-BF4B-00C04F79EFBC}") = "PublisherDomain", "PublisherDomain\PublisherDomain.csproj", "{90A7FB60-E1ED-4C72-945C-6BF7C93A721B}"
EndProject
Project("{FAE04EC0-301F-11D3-BF4B-00C04F79EFBC}") = "PublisherData", "PublisherData\PublisherData.csproj", "{67126A01-3681-420D-9C5A-99FC29B99B65}"
EndProject
Global
	GlobalSection(SolutionConfigurationPlatforms) = preSolution
		Debug|Any CPU = Debug|Any CPU
		Release|Any CPU = Release|Any CPU
	EndGlobalSection
	GlobalSection(ProjectConfigurationPlatforms) = postSolution
		{7A6FD171-0FA2-44F0-870D-5D41F55D1A01}.Debug|Any CPU.ActiveCfg = Debug|Any CPU
		{7A6FD171-0FA2-44F0-870D-5D41F55D1A01}.Debug|Any CPU.Build.0 = Debug|Any CPU
		{7A6FD171-0FA2-44F0-870D-5D41F55D1A01}.Release|Any CPU.ActiveCfg = Release|Any CPU
		{7A6FD171-0FA2-44F0-870D-5D41F55D1A01}.Release|Any CPU.Build.0 = Release|Any CPU
		{90A7FB60-E1ED-4C72-945C-6BF7C93A721B}.Debug|Any CPU.ActiveCfg = Debug|Any CPU
		{90A7FB60-E1ED-4C72-945C-6BF7C93A721B}.Debug|Any CPU.Build.0 = Debug|Any CPU
		{90A7FB60-E1ED-4C72-945C-6BF7C93A721B}.Release|Any CPU.ActiveCfg = Release|Any CPU
		{90A7FB60-E1ED-4C72-945C-6BF7C93A721B}.Release|Any CPU.Build.0 = Release|Any CPU
		{67126A01-3681-420D-9C5A-99FC29B99B65}.Debug|Any CPU.ActiveCfg = Debug|Any CPU
		{67126A01-3681-420D-9C5A-99FC29B99B65}.Debug|Any CPU.Build.0 = Debug|Any CPU
		{67126A01-3681-420D-9C5A-99FC29B99B65}.Release|Any CPU.ActiveCfg = Release|Any CPU
		{67126A01-3681-420D-9C5A-99FC29B99B65}.Release|Any CPU.Build.0 = Release|Any CPU
	EndGlobalSection
	GlobalSection(SolutionProperties) = preSolution
		HideSolutionNode = FALSE
	EndGlobalSection
	GlobalSection(ExtensibilityGlobals) = postSolution
		SolutionGuid = {AAD94FE0-7460-4286-95A6-02F3176067F0}
	EndGlobalSection
EndGlobal
